// !$*UTF8*$!
{
	archiveVersion = 1;
	classes = {
	};
	objectVersion = 50;
	objects = {

/* Begin PBXBuildFile section */
		7B5690B72159437A0031A7DF /* AppDelegate.swift in Sources */ = {isa = PBXBuildFile; fileRef = 7B5690B62159437A0031A7DF /* AppDelegate.swift */; };
		7B5690BC2159437A0031A7DF /* Main.storyboard in Resources */ = {isa = PBXBuildFile; fileRef = 7B5690BA2159437A0031A7DF /* Main.storyboard */; };
		7B5690BE215943810031A7DF /* Assets.xcassets in Resources */ = {isa = PBXBuildFile; fileRef = 7B5690BD215943810031A7DF /* Assets.xcassets */; };
		7B5690C1215943810031A7DF /* LaunchScreen.storyboard in Resources */ = {isa = PBXBuildFile; fileRef = 7B5690BF215943810031A7DF /* LaunchScreen.storyboard */; };
		7B5690E5215978D10031A7DF /* SearchBooks.storyboard in Resources */ = {isa = PBXBuildFile; fileRef = 7B5690E4215978D10031A7DF /* SearchBooks.storyboard */; };
		7B5690E721597FBF0031A7DF /* ViewBookshelf.storyboard in Resources */ = {isa = PBXBuildFile; fileRef = 7B5690E621597FBF0031A7DF /* ViewBookshelf.storyboard */; };
		7B5690E92159842E0031A7DF /* ViewBook.storyboard in Resources */ = {isa = PBXBuildFile; fileRef = 7B5690E82159842E0031A7DF /* ViewBook.storyboard */; };
		7B5690EB215988CD0031A7DF /* MyBookshelvesTableViewController.swift in Sources */ = {isa = PBXBuildFile; fileRef = 7B5690EA215988CD0031A7DF /* MyBookshelvesTableViewController.swift */; };
		7B5690F0215989420031A7DF /* AddBookshelfViewController.swift in Sources */ = {isa = PBXBuildFile; fileRef = 7B5690EF215989420031A7DF /* AddBookshelfViewController.swift */; };
		7B5690F2215989B10031A7DF /* HorizontalBookshelfCollectionViewController.swift in Sources */ = {isa = PBXBuildFile; fileRef = 7B5690F1215989B10031A7DF /* HorizontalBookshelfCollectionViewController.swift */; };
		7B5690F421598C040031A7DF /* SearchForBookViewController.swift in Sources */ = {isa = PBXBuildFile; fileRef = 7B5690F321598C040031A7DF /* SearchForBookViewController.swift */; };
		7B5690F621598E140031A7DF /* BookResultsTableViewController.swift in Sources */ = {isa = PBXBuildFile; fileRef = 7B5690F521598E140031A7DF /* BookResultsTableViewController.swift */; };
		7B5690F821598F110031A7DF /* ViewBookshelfCollectionViewController.swift in Sources */ = {isa = PBXBuildFile; fileRef = 7B5690F721598F110031A7DF /* ViewBookshelfCollectionViewController.swift */; };
		7B5690FA2159A1B60031A7DF /* GoogleBooksAuthorizationClient.swift in Sources */ = {isa = PBXBuildFile; fileRef = 7B5690F92159A1B50031A7DF /* GoogleBooksAuthorizationClient.swift */; };
		7B5691022159C2C10031A7DF /* AppAuth.framework in Frameworks */ = {isa = PBXBuildFile; fileRef = 7B5690FC2159C2640031A7DF /* AppAuth.framework */; };
		7B5691032159C2C10031A7DF /* AppAuth.framework in Embed Frameworks */ = {isa = PBXBuildFile; fileRef = 7B5690FC2159C2640031A7DF /* AppAuth.framework */; settings = {ATTRIBUTES = (CodeSignOnCopy, RemoveHeadersOnCopy, ); }; };
		7B5691042159C2C10031A7DF /* GTMAppAuth.framework in Frameworks */ = {isa = PBXBuildFile; fileRef = 7B5690FD2159C2650031A7DF /* GTMAppAuth.framework */; };
		7B5691052159C2C10031A7DF /* GTMAppAuth.framework in Embed Frameworks */ = {isa = PBXBuildFile; fileRef = 7B5690FD2159C2650031A7DF /* GTMAppAuth.framework */; settings = {ATTRIBUTES = (CodeSignOnCopy, RemoveHeadersOnCopy, ); }; };
		7B5691062159C2C10031A7DF /* GTMSessionFetcher.framework in Frameworks */ = {isa = PBXBuildFile; fileRef = 7B5690FE2159C2650031A7DF /* GTMSessionFetcher.framework */; };
		7B5691072159C2C10031A7DF /* GTMSessionFetcher.framework in Embed Frameworks */ = {isa = PBXBuildFile; fileRef = 7B5690FE2159C2650031A7DF /* GTMSessionFetcher.framework */; settings = {ATTRIBUTES = (CodeSignOnCopy, RemoveHeadersOnCopy, ); }; };
/* End PBXBuildFile section */

/* Begin PBXContainerItemProxy section */
		7B5690C8215943810031A7DF /* PBXContainerItemProxy */ = {
			isa = PBXContainerItemProxy;
			containerPortal = 7B5690AB2159437A0031A7DF /* Project object */;
			proxyType = 1;
			remoteGlobalIDString = 7B5690B22159437A0031A7DF;
			remoteInfo = Books;
		};
		7B5690D3215943810031A7DF /* PBXContainerItemProxy */ = {
			isa = PBXContainerItemProxy;
			containerPortal = 7B5690AB2159437A0031A7DF /* Project object */;
			proxyType = 1;
			remoteGlobalIDString = 7B5690B22159437A0031A7DF;
			remoteInfo = Books;
		};
/* End PBXContainerItemProxy section */

/* Begin PBXCopyFilesBuildPhase section */
		7B5691082159C2C10031A7DF /* Embed Frameworks */ = {
			isa = PBXCopyFilesBuildPhase;
			buildActionMask = 2147483647;
			dstPath = "";
			dstSubfolderSpec = 10;
			files = (
				7B5691032159C2C10031A7DF /* AppAuth.framework in Embed Frameworks */,
				7B5691072159C2C10031A7DF /* GTMSessionFetcher.framework in Embed Frameworks */,
				7B5691052159C2C10031A7DF /* GTMAppAuth.framework in Embed Frameworks */,
			);
			name = "Embed Frameworks";
			runOnlyForDeploymentPostprocessing = 0;
		};
/* End PBXCopyFilesBuildPhase section */

/* Begin PBXFileReference section */
		7B5690B32159437A0031A7DF /* Books.app */ = {isa = PBXFileReference; explicitFileType = wrapper.application; includeInIndex = 0; path = Books.app; sourceTree = BUILT_PRODUCTS_DIR; };
		7B5690B62159437A0031A7DF /* AppDelegate.swift */ = {isa = PBXFileReference; lastKnownFileType = sourcecode.swift; path = AppDelegate.swift; sourceTree = "<group>"; };
		7B5690BB2159437A0031A7DF /* Base */ = {isa = PBXFileReference; lastKnownFileType = file.storyboard; name = Base; path = Base.lproj/Main.storyboard; sourceTree = "<group>"; };
		7B5690BD215943810031A7DF /* Assets.xcassets */ = {isa = PBXFileReference; lastKnownFileType = folder.assetcatalog; path = Assets.xcassets; sourceTree = "<group>"; };
		7B5690C0215943810031A7DF /* Base */ = {isa = PBXFileReference; lastKnownFileType = file.storyboard; name = Base; path = Base.lproj/LaunchScreen.storyboard; sourceTree = "<group>"; };
		7B5690C2215943810031A7DF /* Info.plist */ = {isa = PBXFileReference; lastKnownFileType = text.plist.xml; path = Info.plist; sourceTree = "<group>"; };
		7B5690C7215943810031A7DF /* BooksTests.xctest */ = {isa = PBXFileReference; explicitFileType = wrapper.cfbundle; includeInIndex = 0; path = BooksTests.xctest; sourceTree = BUILT_PRODUCTS_DIR; };
		7B5690D2215943810031A7DF /* BooksUITests.xctest */ = {isa = PBXFileReference; explicitFileType = wrapper.cfbundle; includeInIndex = 0; path = BooksUITests.xctest; sourceTree = BUILT_PRODUCTS_DIR; };
		7B5690E4215978D10031A7DF /* SearchBooks.storyboard */ = {isa = PBXFileReference; lastKnownFileType = file.storyboard; path = SearchBooks.storyboard; sourceTree = "<group>"; };
		7B5690E621597FBF0031A7DF /* ViewBookshelf.storyboard */ = {isa = PBXFileReference; lastKnownFileType = file.storyboard; path = ViewBookshelf.storyboard; sourceTree = "<group>"; };
		7B5690E82159842E0031A7DF /* ViewBook.storyboard */ = {isa = PBXFileReference; lastKnownFileType = file.storyboard; path = ViewBook.storyboard; sourceTree = "<group>"; };
		7B5690EA215988CD0031A7DF /* MyBookshelvesTableViewController.swift */ = {isa = PBXFileReference; lastKnownFileType = sourcecode.swift; path = MyBookshelvesTableViewController.swift; sourceTree = "<group>"; };
		7B5690EF215989420031A7DF /* AddBookshelfViewController.swift */ = {isa = PBXFileReference; lastKnownFileType = sourcecode.swift; name = AddBookshelfViewController.swift; path = "Books/View Controllers/AddBookshelfViewController.swift"; sourceTree = SOURCE_ROOT; };
		7B5690F1215989B10031A7DF /* HorizontalBookshelfCollectionViewController.swift */ = {isa = PBXFileReference; lastKnownFileType = sourcecode.swift; path = HorizontalBookshelfCollectionViewController.swift; sourceTree = "<group>"; };
		7B5690F321598C040031A7DF /* SearchForBookViewController.swift */ = {isa = PBXFileReference; lastKnownFileType = sourcecode.swift; name = SearchForBookViewController.swift; path = "Books/View Controllers/SearchForBookViewController.swift"; sourceTree = SOURCE_ROOT; };
		7B5690F521598E140031A7DF /* BookResultsTableViewController.swift */ = {isa = PBXFileReference; lastKnownFileType = sourcecode.swift; path = BookResultsTableViewController.swift; sourceTree = "<group>"; };
		7B5690F721598F110031A7DF /* ViewBookshelfCollectionViewController.swift */ = {isa = PBXFileReference; lastKnownFileType = sourcecode.swift; path = ViewBookshelfCollectionViewController.swift; sourceTree = "<group>"; };
		7B5690F92159A1B50031A7DF /* GoogleBooksAuthorizationClient.swift */ = {isa = PBXFileReference; fileEncoding = 4; lastKnownFileType = sourcecode.swift; path = GoogleBooksAuthorizationClient.swift; sourceTree = "<group>"; };
		7B5690FC2159C2640031A7DF /* AppAuth.framework */ = {isa = PBXFileReference; lastKnownFileType = wrapper.framework; path = AppAuth.framework; sourceTree = "<group>"; };
		7B5690FD2159C2650031A7DF /* GTMAppAuth.framework */ = {isa = PBXFileReference; lastKnownFileType = wrapper.framework; path = GTMAppAuth.framework; sourceTree = "<group>"; };
		7B5690FE2159C2650031A7DF /* GTMSessionFetcher.framework */ = {isa = PBXFileReference; lastKnownFileType = wrapper.framework; path = GTMSessionFetcher.framework; sourceTree = "<group>"; };
/* End PBXFileReference section */

/* Begin PBXFrameworksBuildPhase section */
		7B5690B02159437A0031A7DF /* Frameworks */ = {
			isa = PBXFrameworksBuildPhase;
			buildActionMask = 2147483647;
			files = (
				7B5691022159C2C10031A7DF /* AppAuth.framework in Frameworks */,
				7B5691062159C2C10031A7DF /* GTMSessionFetcher.framework in Frameworks */,
				7B5691042159C2C10031A7DF /* GTMAppAuth.framework in Frameworks */,
			);
			runOnlyForDeploymentPostprocessing = 0;
		};
		7B5690C4215943810031A7DF /* Frameworks */ = {
			isa = PBXFrameworksBuildPhase;
			buildActionMask = 2147483647;
			files = (
			);
			runOnlyForDeploymentPostprocessing = 0;
		};
		7B5690CF215943810031A7DF /* Frameworks */ = {
			isa = PBXFrameworksBuildPhase;
			buildActionMask = 2147483647;
			files = (
			);
			runOnlyForDeploymentPostprocessing = 0;
		};
/* End PBXFrameworksBuildPhase section */

/* Begin PBXGroup section */
		7B5690AA2159437A0031A7DF = {
			isa = PBXGroup;
			children = (
				7B5690B52159437A0031A7DF /* Books */,
				7B5690B42159437A0031A7DF /* Products */,
			);
			sourceTree = "<group>";
		};
		7B5690B42159437A0031A7DF /* Products */ = {
			isa = PBXGroup;
			children = (
				7B5690B32159437A0031A7DF /* Books.app */,
				7B5690C7215943810031A7DF /* BooksTests.xctest */,
				7B5690D2215943810031A7DF /* BooksUITests.xctest */,
			);
			name = Products;
			sourceTree = "<group>";
		};
		7B5690B52159437A0031A7DF /* Books */ = {
			isa = PBXGroup;
			children = (
				7B5690EC215988D80031A7DF /* Storyboards */,
				7B5690FB2159C1EB0031A7DF /* Frameworks */,
				7B5690ED215988E60031A7DF /* Resources */,
				7B5690EE215989010031A7DF /* View Controllers */,
			);
			path = Books;
			sourceTree = "<group>";
		};
		7B5690EC215988D80031A7DF /* Storyboards */ = {
			isa = PBXGroup;
			children = (
				7B5690BA2159437A0031A7DF /* Main.storyboard */,
				7B5690E4215978D10031A7DF /* SearchBooks.storyboard */,
				7B5690E621597FBF0031A7DF /* ViewBookshelf.storyboard */,
				7B5690E82159842E0031A7DF /* ViewBook.storyboard */,
			);
			path = Storyboards;
			sourceTree = "<group>";
		};
		7B5690ED215988E60031A7DF /* Resources */ = {
			isa = PBXGroup;
			children = (
				7B5690F92159A1B50031A7DF /* GoogleBooksAuthorizationClient.swift */,
				7B5690B62159437A0031A7DF /* AppDelegate.swift */,
				7B5690BD215943810031A7DF /* Assets.xcassets */,
				7B5690BF215943810031A7DF /* LaunchScreen.storyboard */,
				7B5690C2215943810031A7DF /* Info.plist */,
			);
			path = Resources;
			sourceTree = "<group>";
		};
		7B5690EE215989010031A7DF /* View Controllers */ = {
			isa = PBXGroup;
			children = (
				7B5690F521598E140031A7DF /* BookResultsTableViewController.swift */,
				7B5690EF215989420031A7DF /* AddBookshelfViewController.swift */,
				7B5690F721598F110031A7DF /* ViewBookshelfCollectionViewController.swift */,
				7B5690F1215989B10031A7DF /* HorizontalBookshelfCollectionViewController.swift */,
				7B5690F321598C040031A7DF /* SearchForBookViewController.swift */,
				7B5690EA215988CD0031A7DF /* MyBookshelvesTableViewController.swift */,
			);
			path = "View Controllers";
			sourceTree = "<group>";
		};
		7B5690FB2159C1EB0031A7DF /* Frameworks */ = {
			isa = PBXGroup;
			children = (
				7B5690FC2159C2640031A7DF /* AppAuth.framework */,
				7B5690FD2159C2650031A7DF /* GTMAppAuth.framework */,
				7B5690FE2159C2650031A7DF /* GTMSessionFetcher.framework */,
			);
			path = Frameworks;
			sourceTree = "<group>";
		};
/* End PBXGroup section */

/* Begin PBXNativeTarget section */
		7B5690B22159437A0031A7DF /* Books */ = {
			isa = PBXNativeTarget;
			buildConfigurationList = 7B5690DB215943810031A7DF /* Build configuration list for PBXNativeTarget "Books" */;
			buildPhases = (
				7B5690AF2159437A0031A7DF /* Sources */,
				7B5690B02159437A0031A7DF /* Frameworks */,
				7B5690B12159437A0031A7DF /* Resources */,
				7B5691082159C2C10031A7DF /* Embed Frameworks */,
			);
			buildRules = (
			);
			dependencies = (
			);
			name = Books;
			productName = Books;
			productReference = 7B5690B32159437A0031A7DF /* Books.app */;
			productType = "com.apple.product-type.application";
		};
		7B5690C6215943810031A7DF /* BooksTests */ = {
			isa = PBXNativeTarget;
			buildConfigurationList = 7B5690DE215943810031A7DF /* Build configuration list for PBXNativeTarget "BooksTests" */;
			buildPhases = (
				7B5690C3215943810031A7DF /* Sources */,
				7B5690C4215943810031A7DF /* Frameworks */,
				7B5690C5215943810031A7DF /* Resources */,
			);
			buildRules = (
			);
			dependencies = (
				7B5690C9215943810031A7DF /* PBXTargetDependency */,
			);
			name = BooksTests;
			productName = BooksTests;
			productReference = 7B5690C7215943810031A7DF /* BooksTests.xctest */;
			productType = "com.apple.product-type.bundle.unit-test";
		};
		7B5690D1215943810031A7DF /* BooksUITests */ = {
			isa = PBXNativeTarget;
			buildConfigurationList = 7B5690E1215943810031A7DF /* Build configuration list for PBXNativeTarget "BooksUITests" */;
			buildPhases = (
				7B5690CE215943810031A7DF /* Sources */,
				7B5690CF215943810031A7DF /* Frameworks */,
				7B5690D0215943810031A7DF /* Resources */,
			);
			buildRules = (
			);
			dependencies = (
				7B5690D4215943810031A7DF /* PBXTargetDependency */,
			);
			name = BooksUITests;
			productName = BooksUITests;
			productReference = 7B5690D2215943810031A7DF /* BooksUITests.xctest */;
			productType = "com.apple.product-type.bundle.ui-testing";
		};
/* End PBXNativeTarget section */

/* Begin PBXProject section */
		7B5690AB2159437A0031A7DF /* Project object */ = {
			isa = PBXProject;
			attributes = {
				LastSwiftUpdateCheck = 1000;
				LastUpgradeCheck = 1000;
				ORGANIZATIONNAME = "Daniela Parra";
				TargetAttributes = {
					7B5690B22159437A0031A7DF = {
						CreatedOnToolsVersion = 10.0;
					};
					7B5690C6215943810031A7DF = {
						CreatedOnToolsVersion = 10.0;
						TestTargetID = 7B5690B22159437A0031A7DF;
					};
					7B5690D1215943810031A7DF = {
						CreatedOnToolsVersion = 10.0;
						TestTargetID = 7B5690B22159437A0031A7DF;
					};
				};
			};
			buildConfigurationList = 7B5690AE2159437A0031A7DF /* Build configuration list for PBXProject "Books" */;
			compatibilityVersion = "Xcode 9.3";
			developmentRegion = en;
			hasScannedForEncodings = 0;
			knownRegions = (
				en,
				Base,
			);
			mainGroup = 7B5690AA2159437A0031A7DF;
			productRefGroup = 7B5690B42159437A0031A7DF /* Products */;
			projectDirPath = "";
			projectRoot = "";
			targets = (
				7B5690B22159437A0031A7DF /* Books */,
				7B5690C6215943810031A7DF /* BooksTests */,
				7B5690D1215943810031A7DF /* BooksUITests */,
			);
		};
/* End PBXProject section */

/* Begin PBXResourcesBuildPhase section */
		7B5690B12159437A0031A7DF /* Resources */ = {
			isa = PBXResourcesBuildPhase;
			buildActionMask = 2147483647;
			files = (
				7B5690C1215943810031A7DF /* LaunchScreen.storyboard in Resources */,
				7B5690E92159842E0031A7DF /* ViewBook.storyboard in Resources */,
				7B5690E5215978D10031A7DF /* SearchBooks.storyboard in Resources */,
				7B5690E721597FBF0031A7DF /* ViewBookshelf.storyboard in Resources */,
				7B5690BE215943810031A7DF /* Assets.xcassets in Resources */,
				7B5690BC2159437A0031A7DF /* Main.storyboard in Resources */,
			);
			runOnlyForDeploymentPostprocessing = 0;
		};
		7B5690C5215943810031A7DF /* Resources */ = {
			isa = PBXResourcesBuildPhase;
			buildActionMask = 2147483647;
			files = (
			);
			runOnlyForDeploymentPostprocessing = 0;
		};
		7B5690D0215943810031A7DF /* Resources */ = {
			isa = PBXResourcesBuildPhase;
			buildActionMask = 2147483647;
			files = (
			);
			runOnlyForDeploymentPostprocessing = 0;
		};
/* End PBXResourcesBuildPhase section */

/* Begin PBXSourcesBuildPhase section */
		7B5690AF2159437A0031A7DF /* Sources */ = {
			isa = PBXSourcesBuildPhase;
			buildActionMask = 2147483647;
			files = (
				7B5690B72159437A0031A7DF /* AppDelegate.swift in Sources */,
				7B5690F621598E140031A7DF /* BookResultsTableViewController.swift in Sources */,
				7B5690FA2159A1B60031A7DF /* GoogleBooksAuthorizationClient.swift in Sources */,
				7B5690F421598C040031A7DF /* SearchForBookViewController.swift in Sources */,
				7B5690EB215988CD0031A7DF /* MyBookshelvesTableViewController.swift in Sources */,
				7B5690F2215989B10031A7DF /* HorizontalBookshelfCollectionViewController.swift in Sources */,
				7B5690F821598F110031A7DF /* ViewBookshelfCollectionViewController.swift in Sources */,
				7B5690F0215989420031A7DF /* AddBookshelfViewController.swift in Sources */,
			);
			runOnlyForDeploymentPostprocessing = 0;
		};
		7B5690C3215943810031A7DF /* Sources */ = {
			isa = PBXSourcesBuildPhase;
			buildActionMask = 2147483647;
			files = (
			);
			runOnlyForDeploymentPostprocessing = 0;
		};
		7B5690CE215943810031A7DF /* Sources */ = {
			isa = PBXSourcesBuildPhase;
			buildActionMask = 2147483647;
			files = (
			);
			runOnlyForDeploymentPostprocessing = 0;
		};
/* End PBXSourcesBuildPhase section */

/* Begin PBXTargetDependency section */
		7B5690C9215943810031A7DF /* PBXTargetDependency */ = {
			isa = PBXTargetDependency;
			target = 7B5690B22159437A0031A7DF /* Books */;
			targetProxy = 7B5690C8215943810031A7DF /* PBXContainerItemProxy */;
		};
		7B5690D4215943810031A7DF /* PBXTargetDependency */ = {
			isa = PBXTargetDependency;
			target = 7B5690B22159437A0031A7DF /* Books */;
			targetProxy = 7B5690D3215943810031A7DF /* PBXContainerItemProxy */;
		};
/* End PBXTargetDependency section */

/* Begin PBXVariantGroup section */
		7B5690BA2159437A0031A7DF /* Main.storyboard */ = {
			isa = PBXVariantGroup;
			children = (
				7B5690BB2159437A0031A7DF /* Base */,
			);
			name = Main.storyboard;
			sourceTree = "<group>";
		};
		7B5690BF215943810031A7DF /* LaunchScreen.storyboard */ = {
			isa = PBXVariantGroup;
			children = (
				7B5690C0215943810031A7DF /* Base */,
			);
			name = LaunchScreen.storyboard;
			sourceTree = "<group>";
		};
/* End PBXVariantGroup section */

/* Begin XCBuildConfiguration section */
		7B5690D9215943810031A7DF /* Debug */ = {
			isa = XCBuildConfiguration;
			buildSettings = {
				ALWAYS_SEARCH_USER_PATHS = NO;
				CLANG_ANALYZER_NONNULL = YES;
				CLANG_ANALYZER_NUMBER_OBJECT_CONVERSION = YES_AGGRESSIVE;
				CLANG_CXX_LANGUAGE_STANDARD = "gnu++14";
				CLANG_CXX_LIBRARY = "libc++";
				CLANG_ENABLE_MODULES = YES;
				CLANG_ENABLE_OBJC_ARC = YES;
				CLANG_ENABLE_OBJC_WEAK = YES;
				CLANG_WARN_BLOCK_CAPTURE_AUTORELEASING = YES;
				CLANG_WARN_BOOL_CONVERSION = YES;
				CLANG_WARN_COMMA = YES;
				CLANG_WARN_CONSTANT_CONVERSION = YES;
				CLANG_WARN_DEPRECATED_OBJC_IMPLEMENTATIONS = YES;
				CLANG_WARN_DIRECT_OBJC_ISA_USAGE = YES_ERROR;
				CLANG_WARN_DOCUMENTATION_COMMENTS = YES;
				CLANG_WARN_EMPTY_BODY = YES;
				CLANG_WARN_ENUM_CONVERSION = YES;
				CLANG_WARN_INFINITE_RECURSION = YES;
				CLANG_WARN_INT_CONVERSION = YES;
				CLANG_WARN_NON_LITERAL_NULL_CONVERSION = YES;
				CLANG_WARN_OBJC_IMPLICIT_RETAIN_SELF = YES;
				CLANG_WARN_OBJC_LITERAL_CONVERSION = YES;
				CLANG_WARN_OBJC_ROOT_CLASS = YES_ERROR;
				CLANG_WARN_RANGE_LOOP_ANALYSIS = YES;
				CLANG_WARN_STRICT_PROTOTYPES = YES;
				CLANG_WARN_SUSPICIOUS_MOVE = YES;
				CLANG_WARN_UNGUARDED_AVAILABILITY = YES_AGGRESSIVE;
				CLANG_WARN_UNREACHABLE_CODE = YES;
				CLANG_WARN__DUPLICATE_METHOD_MATCH = YES;
				CODE_SIGN_IDENTITY = "iPhone Developer";
				COPY_PHASE_STRIP = NO;
				DEBUG_INFORMATION_FORMAT = dwarf;
				ENABLE_STRICT_OBJC_MSGSEND = YES;
				ENABLE_TESTABILITY = YES;
				GCC_C_LANGUAGE_STANDARD = gnu11;
				GCC_DYNAMIC_NO_PIC = NO;
				GCC_NO_COMMON_BLOCKS = YES;
				GCC_OPTIMIZATION_LEVEL = 0;
				GCC_PREPROCESSOR_DEFINITIONS = (
					"DEBUG=1",
					"$(inherited)",
				);
				GCC_WARN_64_TO_32_BIT_CONVERSION = YES;
				GCC_WARN_ABOUT_RETURN_TYPE = YES_ERROR;
				GCC_WARN_UNDECLARED_SELECTOR = YES;
				GCC_WARN_UNINITIALIZED_AUTOS = YES_AGGRESSIVE;
				GCC_WARN_UNUSED_FUNCTION = YES;
				GCC_WARN_UNUSED_VARIABLE = YES;
				IPHONEOS_DEPLOYMENT_TARGET = 12.0;
				MTL_ENABLE_DEBUG_INFO = INCLUDE_SOURCE;
				MTL_FAST_MATH = YES;
				ONLY_ACTIVE_ARCH = YES;
				SDKROOT = iphoneos;
				SWIFT_ACTIVE_COMPILATION_CONDITIONS = DEBUG;
				SWIFT_OPTIMIZATION_LEVEL = "-Onone";
			};
			name = Debug;
		};
		7B5690DA215943810031A7DF /* Release */ = {
			isa = XCBuildConfiguration;
			buildSettings = {
				ALWAYS_SEARCH_USER_PATHS = NO;
				CLANG_ANALYZER_NONNULL = YES;
				CLANG_ANALYZER_NUMBER_OBJECT_CONVERSION = YES_AGGRESSIVE;
				CLANG_CXX_LANGUAGE_STANDARD = "gnu++14";
				CLANG_CXX_LIBRARY = "libc++";
				CLANG_ENABLE_MODULES = YES;
				CLANG_ENABLE_OBJC_ARC = YES;
				CLANG_ENABLE_OBJC_WEAK = YES;
				CLANG_WARN_BLOCK_CAPTURE_AUTORELEASING = YES;
				CLANG_WARN_BOOL_CONVERSION = YES;
				CLANG_WARN_COMMA = YES;
				CLANG_WARN_CONSTANT_CONVERSION = YES;
				CLANG_WARN_DEPRECATED_OBJC_IMPLEMENTATIONS = YES;
				CLANG_WARN_DIRECT_OBJC_ISA_USAGE = YES_ERROR;
				CLANG_WARN_DOCUMENTATION_COMMENTS = YES;
				CLANG_WARN_EMPTY_BODY = YES;
				CLANG_WARN_ENUM_CONVERSION = YES;
				CLANG_WARN_INFINITE_RECURSION = YES;
				CLANG_WARN_INT_CONVERSION = YES;
				CLANG_WARN_NON_LITERAL_NULL_CONVERSION = YES;
				CLANG_WARN_OBJC_IMPLICIT_RETAIN_SELF = YES;
				CLANG_WARN_OBJC_LITERAL_CONVERSION = YES;
				CLANG_WARN_OBJC_ROOT_CLASS = YES_ERROR;
				CLANG_WARN_RANGE_LOOP_ANALYSIS = YES;
				CLANG_WARN_STRICT_PROTOTYPES = YES;
				CLANG_WARN_SUSPICIOUS_MOVE = YES;
				CLANG_WARN_UNGUARDED_AVAILABILITY = YES_AGGRESSIVE;
				CLANG_WARN_UNREACHABLE_CODE = YES;
				CLANG_WARN__DUPLICATE_METHOD_MATCH = YES;
				CODE_SIGN_IDENTITY = "iPhone Developer";
				COPY_PHASE_STRIP = NO;
				DEBUG_INFORMATION_FORMAT = "dwarf-with-dsym";
				ENABLE_NS_ASSERTIONS = NO;
				ENABLE_STRICT_OBJC_MSGSEND = YES;
				GCC_C_LANGUAGE_STANDARD = gnu11;
				GCC_NO_COMMON_BLOCKS = YES;
				GCC_WARN_64_TO_32_BIT_CONVERSION = YES;
				GCC_WARN_ABOUT_RETURN_TYPE = YES_ERROR;
				GCC_WARN_UNDECLARED_SELECTOR = YES;
				GCC_WARN_UNINITIALIZED_AUTOS = YES_AGGRESSIVE;
				GCC_WARN_UNUSED_FUNCTION = YES;
				GCC_WARN_UNUSED_VARIABLE = YES;
				IPHONEOS_DEPLOYMENT_TARGET = 12.0;
				MTL_ENABLE_DEBUG_INFO = NO;
				MTL_FAST_MATH = YES;
				SDKROOT = iphoneos;
				SWIFT_COMPILATION_MODE = wholemodule;
				SWIFT_OPTIMIZATION_LEVEL = "-O";
				VALIDATE_PRODUCT = YES;
			};
			name = Release;
		};
		7B5690DC215943810031A7DF /* Debug */ = {
			isa = XCBuildConfiguration;
			buildSettings = {
				ASSETCATALOG_COMPILER_APPICON_NAME = AppIcon;
				CODE_SIGN_STYLE = Automatic;
				DEVELOPMENT_TEAM = 8DKFDJ8NNY;
				FRAMEWORK_SEARCH_PATHS = (
					"$(inherited)",
					"$(PROJECT_DIR)/Books/Frameworks",
				);
				INFOPLIST_FILE = "$(SRCROOT)/Books/Resources/Info.plist";
				LD_RUNPATH_SEARCH_PATHS = (
					"$(inherited)",
					"@executable_path/Frameworks",
				);
				PRODUCT_BUNDLE_IDENTIFIER = com.Daniela.Books;
				PRODUCT_NAME = "$(TARGET_NAME)";
				SWIFT_VERSION = 4.2;
				TARGETED_DEVICE_FAMILY = "1,2";
			};
			name = Debug;
		};
		7B5690DD215943810031A7DF /* Release */ = {
			isa = XCBuildConfiguration;
			buildSettings = {
				ASSETCATALOG_COMPILER_APPICON_NAME = AppIcon;
				CODE_SIGN_STYLE = Automatic;
				DEVELOPMENT_TEAM = 8DKFDJ8NNY;
				FRAMEWORK_SEARCH_PATHS = (
					"$(inherited)",
					"$(PROJECT_DIR)/Books/Frameworks",
				);
				INFOPLIST_FILE = "$(SRCROOT)/Books/Resources/Info.plist";
				LD_RUNPATH_SEARCH_PATHS = (
					"$(inherited)",
					"@executable_path/Frameworks",
				);
				PRODUCT_BUNDLE_IDENTIFIER = com.Daniela.Books;
				PRODUCT_NAME = "$(TARGET_NAME)";
				SWIFT_VERSION = 4.2;
				TARGETED_DEVICE_FAMILY = "1,2";
			};
			name = Release;
		};
		7B5690DF215943810031A7DF /* Debug */ = {
			isa = XCBuildConfiguration;
			buildSettings = {
				ALWAYS_EMBED_SWIFT_STANDARD_LIBRARIES = YES;
				BUNDLE_LOADER = "$(TEST_HOST)";
				CODE_SIGN_STYLE = Automatic;
				INFOPLIST_FILE = BooksTests/Info.plist;
				LD_RUNPATH_SEARCH_PATHS = (
					"$(inherited)",
					"@executable_path/Frameworks",
					"@loader_path/Frameworks",
				);
				PRODUCT_BUNDLE_IDENTIFIER = com.Daniela.BooksTests;
				PRODUCT_NAME = "$(TARGET_NAME)";
				SWIFT_VERSION = 4.2;
				TARGETED_DEVICE_FAMILY = "1,2";
				TEST_HOST = "$(BUILT_PRODUCTS_DIR)/Books.app/Books";
			};
			name = Debug;
		};
		7B5690E0215943810031A7DF /* Release */ = {
			isa = XCBuildConfiguration;
			buildSettings = {
				ALWAYS_EMBED_SWIFT_STANDARD_LIBRARIES = YES;
				BUNDLE_LOADER = "$(TEST_HOST)";
				CODE_SIGN_STYLE = Automatic;
				INFOPLIST_FILE = BooksTests/Info.plist;
				LD_RUNPATH_SEARCH_PATHS = (
					"$(inherited)",
					"@executable_path/Frameworks",
					"@loader_path/Frameworks",
				);
				PRODUCT_BUNDLE_IDENTIFIER = com.Daniela.BooksTests;
				PRODUCT_NAME = "$(TARGET_NAME)";
				SWIFT_VERSION = 4.2;
				TARGETED_DEVICE_FAMILY = "1,2";
				TEST_HOST = "$(BUILT_PRODUCTS_DIR)/Books.app/Books";
			};
			name = Release;
		};
		7B5690E2215943810031A7DF /* Debug */ = {
			isa = XCBuildConfiguration;
			buildSettings = {
				ALWAYS_EMBED_SWIFT_STANDARD_LIBRARIES = YES;
				CODE_SIGN_STYLE = Automatic;
				INFOPLIST_FILE = BooksUITests/Info.plist;
				LD_RUNPATH_SEARCH_PATHS = (
					"$(inherited)",
					"@executable_path/Frameworks",
					"@loader_path/Frameworks",
				);
				PRODUCT_BUNDLE_IDENTIFIER = com.Daniela.BooksUITests;
				PRODUCT_NAME = "$(TARGET_NAME)";
				SWIFT_VERSION = 4.2;
				TARGETED_DEVICE_FAMILY = "1,2";
				TEST_TARGET_NAME = Books;
			};
			name = Debug;
		};
		7B5690E3215943810031A7DF /* Release */ = {
			isa = XCBuildConfiguration;
			buildSettings = {
				ALWAYS_EMBED_SWIFT_STANDARD_LIBRARIES = YES;
				CODE_SIGN_STYLE = Automatic;
				INFOPLIST_FILE = BooksUITests/Info.plist;
				LD_RUNPATH_SEARCH_PATHS = (
					"$(inherited)",
					"@executable_path/Frameworks",
					"@loader_path/Frameworks",
				);
				PRODUCT_BUNDLE_IDENTIFIER = com.Daniela.BooksUITests;
				PRODUCT_NAME = "$(TARGET_NAME)";
				SWIFT_VERSION = 4.2;
				TARGETED_DEVICE_FAMILY = "1,2";
				TEST_TARGET_NAME = Books;
			};
			name = Release;
		};
/* End XCBuildConfiguration section */

/* Begin XCConfigurationList section */
		7B5690AE2159437A0031A7DF /* Build configuration list for PBXProject "Books" */ = {
			isa = XCConfigurationList;
			buildConfigurations = (
				7B5690D9215943810031A7DF /* Debug */,
				7B5690DA215943810031A7DF /* Release */,
			);
			defaultConfigurationIsVisible = 0;
			defaultConfigurationName = Release;
		};
		7B5690DB215943810031A7DF /* Build configuration list for PBXNativeTarget "Books" */ = {
			isa = XCConfigurationList;
			buildConfigurations = (
				7B5690DC215943810031A7DF /* Debug */,
				7B5690DD215943810031A7DF /* Release */,
			);
			defaultConfigurationIsVisible = 0;
			defaultConfigurationName = Release;
		};
		7B5690DE215943810031A7DF /* Build configuration list for PBXNativeTarget "BooksTests" */ = {
			isa = XCConfigurationList;
			buildConfigurations = (
				7B5690DF215943810031A7DF /* Debug */,
				7B5690E0215943810031A7DF /* Release */,
			);
			defaultConfigurationIsVisible = 0;
			defaultConfigurationName = Release;
		};
		7B5690E1215943810031A7DF /* Build configuration list for PBXNativeTarget "BooksUITests" */ = {
			isa = XCConfigurationList;
			buildConfigurations = (
				7B5690E2215943810031A7DF /* Debug */,
				7B5690E3215943810031A7DF /* Release */,
			);
			defaultConfigurationIsVisible = 0;
			defaultConfigurationName = Release;
		};
/* End XCConfigurationList section */
	};
	rootObject = 7B5690AB2159437A0031A7DF /* Project object */;
}
