// !$*UTF8*$!
{
	archiveVersion = 1;
	classes = {
	};
	objectVersion = 50;
	objects = {

/* Begin PBXBuildFile section */
		3DA5240B212B65D700686391 /* AppDelegate.swift in Sources */ = {isa = PBXBuildFile; fileRef = 3DA5240A212B65D700686391 /* AppDelegate.swift */; };
		3DA52410212B65D700686391 /* Main.storyboard in Resources */ = {isa = PBXBuildFile; fileRef = 3DA5240E212B65D700686391 /* Main.storyboard */; };
		3DA52412212B65D800686391 /* Assets.xcassets in Resources */ = {isa = PBXBuildFile; fileRef = 3DA52411212B65D800686391 /* Assets.xcassets */; };
		3DA52415212B65D800686391 /* LaunchScreen.storyboard in Resources */ = {isa = PBXBuildFile; fileRef = 3DA52413212B65D800686391 /* LaunchScreen.storyboard */; };
		3DA52423212B6A1900686391 /* AppAuth.framework in Frameworks */ = {isa = PBXBuildFile; fileRef = 3DA5241E212B69FF00686391 /* AppAuth.framework */; };
		3DA52424212B6A1900686391 /* AppAuth.framework in Embed Frameworks */ = {isa = PBXBuildFile; fileRef = 3DA5241E212B69FF00686391 /* AppAuth.framework */; settings = {ATTRIBUTES = (CodeSignOnCopy, RemoveHeadersOnCopy, ); }; };
		3DA52425212B6A1900686391 /* GTMAppAuth.framework in Frameworks */ = {isa = PBXBuildFile; fileRef = 3DA5241D212B69FF00686391 /* GTMAppAuth.framework */; };
		3DA52426212B6A1900686391 /* GTMAppAuth.framework in Embed Frameworks */ = {isa = PBXBuildFile; fileRef = 3DA5241D212B69FF00686391 /* GTMAppAuth.framework */; settings = {ATTRIBUTES = (CodeSignOnCopy, RemoveHeadersOnCopy, ); }; };
		3DA52427212B6A1900686391 /* GTMSessionFetcher.framework in Frameworks */ = {isa = PBXBuildFile; fileRef = 3DA5241F212B69FF00686391 /* GTMSessionFetcher.framework */; };
		3DA52428212B6A1900686391 /* GTMSessionFetcher.framework in Embed Frameworks */ = {isa = PBXBuildFile; fileRef = 3DA5241F212B69FF00686391 /* GTMSessionFetcher.framework */; settings = {ATTRIBUTES = (CodeSignOnCopy, RemoveHeadersOnCopy, ); }; };
		3DA5242B212B6A9E00686391 /* GoogleBooksAuthorizationClient.swift in Sources */ = {isa = PBXBuildFile; fileRef = 3DA5242A212B6A9E00686391 /* GoogleBooksAuthorizationClient.swift */; };
/* End PBXBuildFile section */

/* Begin PBXCopyFilesBuildPhase section */
		3DA52429212B6A1900686391 /* Embed Frameworks */ = {
			isa = PBXCopyFilesBuildPhase;
			buildActionMask = 2147483647;
			dstPath = "";
			dstSubfolderSpec = 10;
			files = (
				3DA52424212B6A1900686391 /* AppAuth.framework in Embed Frameworks */,
				3DA52428212B6A1900686391 /* GTMSessionFetcher.framework in Embed Frameworks */,
				3DA52426212B6A1900686391 /* GTMAppAuth.framework in Embed Frameworks */,
			);
			name = "Embed Frameworks";
			runOnlyForDeploymentPostprocessing = 0;
		};
/* End PBXCopyFilesBuildPhase section */

/* Begin PBXFileReference section */
		3DA52407212B65D700686391 /* books-list.app */ = {isa = PBXFileReference; explicitFileType = wrapper.application; includeInIndex = 0; path = "books-list.app"; sourceTree = BUILT_PRODUCTS_DIR; };
		3DA5240A212B65D700686391 /* AppDelegate.swift */ = {isa = PBXFileReference; lastKnownFileType = sourcecode.swift; path = AppDelegate.swift; sourceTree = "<group>"; };
		3DA5240F212B65D700686391 /* Base */ = {isa = PBXFileReference; lastKnownFileType = file.storyboard; name = Base; path = Base.lproj/Main.storyboard; sourceTree = "<group>"; };
		3DA52411212B65D800686391 /* Assets.xcassets */ = {isa = PBXFileReference; lastKnownFileType = folder.assetcatalog; path = Assets.xcassets; sourceTree = "<group>"; };
		3DA52414212B65D800686391 /* Base */ = {isa = PBXFileReference; lastKnownFileType = file.storyboard; name = Base; path = Base.lproj/LaunchScreen.storyboard; sourceTree = "<group>"; };
		3DA52416212B65D800686391 /* Info.plist */ = {isa = PBXFileReference; lastKnownFileType = text.plist.xml; path = Info.plist; sourceTree = "<group>"; };
		3DA5241D212B69FF00686391 /* GTMAppAuth.framework */ = {isa = PBXFileReference; lastKnownFileType = wrapper.framework; path = GTMAppAuth.framework; sourceTree = "<group>"; };
		3DA5241E212B69FF00686391 /* AppAuth.framework */ = {isa = PBXFileReference; lastKnownFileType = wrapper.framework; path = AppAuth.framework; sourceTree = "<group>"; };
		3DA5241F212B69FF00686391 /* GTMSessionFetcher.framework */ = {isa = PBXFileReference; lastKnownFileType = wrapper.framework; path = GTMSessionFetcher.framework; sourceTree = "<group>"; };
		3DA5242A212B6A9E00686391 /* GoogleBooksAuthorizationClient.swift */ = {isa = PBXFileReference; fileEncoding = 4; lastKnownFileType = sourcecode.swift; path = GoogleBooksAuthorizationClient.swift; sourceTree = "<group>"; };
/* End PBXFileReference section */

/* Begin PBXFrameworksBuildPhase section */
		3DA52404212B65D700686391 /* Frameworks */ = {
			isa = PBXFrameworksBuildPhase;
			buildActionMask = 2147483647;
			files = (
				3DA52423212B6A1900686391 /* AppAuth.framework in Frameworks */,
				3DA52427212B6A1900686391 /* GTMSessionFetcher.framework in Frameworks */,
				3DA52425212B6A1900686391 /* GTMAppAuth.framework in Frameworks */,
			);
			runOnlyForDeploymentPostprocessing = 0;
		};
/* End PBXFrameworksBuildPhase section */

/* Begin PBXGroup section */
		3DA523FE212B65D700686391 = {
			isa = PBXGroup;
			children = (
				3DA52409212B65D700686391 /* books-list */,
				3DA52408212B65D700686391 /* Products */,
			);
			sourceTree = "<group>";
		};
		3DA52408212B65D700686391 /* Products */ = {
			isa = PBXGroup;
			children = (
				3DA52407212B65D700686391 /* books-list.app */,
			);
			name = Products;
			sourceTree = "<group>";
		};
		3DA52409212B65D700686391 /* books-list */ = {
			isa = PBXGroup;
			children = (
				3DA5240A212B65D700686391 /* AppDelegate.swift */,
				3DA52433212B6E9B00686391 /* Views */,
				3DA52432212B6E9800686391 /* View Controllers */,
				3DA52431212B6E9500686391 /* Model Controllers */,
				3DA52430212B6E8B00686391 /* Models */,
				3DA5242C212B6BFB00686391 /* Resources */,
				3DA5241C212B69DB00686391 /* Frameworks */,
				3DA52416212B65D800686391 /* Info.plist */,
			);
			path = "books-list";
			sourceTree = "<group>";
		};
		3DA5241C212B69DB00686391 /* Frameworks */ = {
			isa = PBXGroup;
			children = (
				3DA5241E212B69FF00686391 /* AppAuth.framework */,
				3DA5241D212B69FF00686391 /* GTMAppAuth.framework */,
				3DA5241F212B69FF00686391 /* GTMSessionFetcher.framework */,
			);
			path = Frameworks;
			sourceTree = "<group>";
		};
		3DA5242C212B6BFB00686391 /* Resources */ = {
			isa = PBXGroup;
			children = (
				3DA5242F212B6C2500686391 /* Storyboards */,
				3DA5242E212B6C0E00686391 /* Authorization */,
				3DA5242D212B6C0600686391 /* Helpers */,
				3DA52411212B65D800686391 /* Assets.xcassets */,
			);
			path = Resources;
			sourceTree = "<group>";
		};
		3DA5242D212B6C0600686391 /* Helpers */ = {
			isa = PBXGroup;
			children = (
			);
			path = Helpers;
			sourceTree = "<group>";
		};
		3DA5242E212B6C0E00686391 /* Authorization */ = {
			isa = PBXGroup;
			children = (
				3DA5242A212B6A9E00686391 /* GoogleBooksAuthorizationClient.swift */,
			);
			path = Authorization;
			sourceTree = "<group>";
		};
		3DA5242F212B6C2500686391 /* Storyboards */ = {
			isa = PBXGroup;
			children = (
				3DA5240E212B65D700686391 /* Main.storyboard */,
				3DA52413212B65D800686391 /* LaunchScreen.storyboard */,
			);
			path = Storyboards;
			sourceTree = "<group>";
		};
		3DA52430212B6E8B00686391 /* Models */ = {
			isa = PBXGroup;
			children = (
			);
			path = Models;
			sourceTree = "<group>";
		};
		3DA52431212B6E9500686391 /* Model Controllers */ = {
			isa = PBXGroup;
			children = (
			);
			path = "Model Controllers";
			sourceTree = "<group>";
		};
		3DA52432212B6E9800686391 /* View Controllers */ = {
			isa = PBXGroup;
			children = (
			);
			path = "View Controllers";
			sourceTree = "<group>";
		};
		3DA52433212B6E9B00686391 /* Views */ = {
			isa = PBXGroup;
			children = (
			);
			path = Views;
			sourceTree = "<group>";
		};
/* End PBXGroup section */

/* Begin PBXNativeTarget section */
		3DA52406212B65D700686391 /* books-list */ = {
			isa = PBXNativeTarget;
			buildConfigurationList = 3DA52419212B65D800686391 /* Build configuration list for PBXNativeTarget "books-list" */;
			buildPhases = (
				3DA52403212B65D700686391 /* Sources */,
				3DA52404212B65D700686391 /* Frameworks */,
				3DA52405212B65D700686391 /* Resources */,
				3DA52429212B6A1900686391 /* Embed Frameworks */,
			);
			buildRules = (
			);
			dependencies = (
			);
			name = "books-list";
			productName = "books-list";
			productReference = 3DA52407212B65D700686391 /* books-list.app */;
			productType = "com.apple.product-type.application";
		};
/* End PBXNativeTarget section */

/* Begin PBXProject section */
		3DA523FF212B65D700686391 /* Project object */ = {
			isa = PBXProject;
			attributes = {
				LastSwiftUpdateCheck = 1000;
				LastUpgradeCheck = 1000;
				ORGANIZATIONNAME = "De MicheliStefano";
				TargetAttributes = {
					3DA52406212B65D700686391 = {
						CreatedOnToolsVersion = 10.0;
					};
				};
			};
			buildConfigurationList = 3DA52402212B65D700686391 /* Build configuration list for PBXProject "books-list" */;
			compatibilityVersion = "Xcode 9.3";
			developmentRegion = en;
			hasScannedForEncodings = 0;
			knownRegions = (
				en,
				Base,
			);
			mainGroup = 3DA523FE212B65D700686391;
			productRefGroup = 3DA52408212B65D700686391 /* Products */;
			projectDirPath = "";
			projectRoot = "";
			targets = (
				3DA52406212B65D700686391 /* books-list */,
			);
		};
/* End PBXProject section */

/* Begin PBXResourcesBuildPhase section */
		3DA52405212B65D700686391 /* Resources */ = {
			isa = PBXResourcesBuildPhase;
			buildActionMask = 2147483647;
			files = (
				3DA52415212B65D800686391 /* LaunchScreen.storyboard in Resources */,
				3DA52412212B65D800686391 /* Assets.xcassets in Resources */,
				3DA52410212B65D700686391 /* Main.storyboard in Resources */,
			);
			runOnlyForDeploymentPostprocessing = 0;
		};
/* End PBXResourcesBuildPhase section */

/* Begin PBXSourcesBuildPhase section */
		3DA52403212B65D700686391 /* Sources */ = {
			isa = PBXSourcesBuildPhase;
			buildActionMask = 2147483647;
			files = (
				3DA5242B212B6A9E00686391 /* GoogleBooksAuthorizationClient.swift in Sources */,
				3DA5240B212B65D700686391 /* AppDelegate.swift in Sources */,
			);
			runOnlyForDeploymentPostprocessing = 0;
		};
/* End PBXSourcesBuildPhase section */

/* Begin PBXVariantGroup section */
		3DA5240E212B65D700686391 /* Main.storyboard */ = {
			isa = PBXVariantGroup;
			children = (
				3DA5240F212B65D700686391 /* Base */,
			);
			name = Main.storyboard;
			sourceTree = "<group>";
		};
		3DA52413212B65D800686391 /* LaunchScreen.storyboard */ = {
			isa = PBXVariantGroup;
			children = (
				3DA52414212B65D800686391 /* Base */,
			);
			name = LaunchScreen.storyboard;
			sourceTree = "<group>";
		};
/* End PBXVariantGroup section */

/* Begin XCBuildConfiguration section */
		3DA52417212B65D800686391 /* Debug */ = {
			isa = XCBuildConfiguration;
			buildSettings = {
				ALWAYS_SEARCH_USER_PATHS = NO;
				CLANG_ANALYZER_NONNULL = YES;
				CLANG_ANALYZER_NUMBER_OBJECT_CONVERSION = YES_AGGRESSIVE;
				CLANG_CXX_LANGUAGE_STANDARD = "gnu++14";
				CLANG_CXX_LIBRARY = "libc++";
				CLANG_ENABLE_MODULES = YES;
				CLANG_ENABLE_OBJC_ARC = YES;
				CLANG_ENABLE_OBJC_WEAK = YES;
				CLANG_WARN_BLOCK_CAPTURE_AUTORELEASING = YES;
				CLANG_WARN_BOOL_CONVERSION = YES;
				CLANG_WARN_COMMA = YES;
				CLANG_WARN_CONSTANT_CONVERSION = YES;
				CLANG_WARN_DEPRECATED_OBJC_IMPLEMENTATIONS = YES;
				CLANG_WARN_DIRECT_OBJC_ISA_USAGE = YES_ERROR;
				CLANG_WARN_DOCUMENTATION_COMMENTS = YES;
				CLANG_WARN_EMPTY_BODY = YES;
				CLANG_WARN_ENUM_CONVERSION = YES;
				CLANG_WARN_INFINITE_RECURSION = YES;
				CLANG_WARN_INT_CONVERSION = YES;
				CLANG_WARN_NON_LITERAL_NULL_CONVERSION = YES;
				CLANG_WARN_OBJC_IMPLICIT_RETAIN_SELF = YES;
				CLANG_WARN_OBJC_LITERAL_CONVERSION = YES;
				CLANG_WARN_OBJC_ROOT_CLASS = YES_ERROR;
				CLANG_WARN_RANGE_LOOP_ANALYSIS = YES;
				CLANG_WARN_STRICT_PROTOTYPES = YES;
				CLANG_WARN_SUSPICIOUS_MOVE = YES;
				CLANG_WARN_UNGUARDED_AVAILABILITY = YES_AGGRESSIVE;
				CLANG_WARN_UNREACHABLE_CODE = YES;
				CLANG_WARN__DUPLICATE_METHOD_MATCH = YES;
				CODE_SIGN_IDENTITY = "iPhone Developer";
				COPY_PHASE_STRIP = NO;
				DEBUG_INFORMATION_FORMAT = dwarf;
				ENABLE_STRICT_OBJC_MSGSEND = YES;
				ENABLE_TESTABILITY = YES;
				GCC_C_LANGUAGE_STANDARD = gnu11;
				GCC_DYNAMIC_NO_PIC = NO;
				GCC_NO_COMMON_BLOCKS = YES;
				GCC_OPTIMIZATION_LEVEL = 0;
				GCC_PREPROCESSOR_DEFINITIONS = (
					"DEBUG=1",
					"$(inherited)",
				);
				GCC_WARN_64_TO_32_BIT_CONVERSION = YES;
				GCC_WARN_ABOUT_RETURN_TYPE = YES_ERROR;
				GCC_WARN_UNDECLARED_SELECTOR = YES;
				GCC_WARN_UNINITIALIZED_AUTOS = YES_AGGRESSIVE;
				GCC_WARN_UNUSED_FUNCTION = YES;
				GCC_WARN_UNUSED_VARIABLE = YES;
				IPHONEOS_DEPLOYMENT_TARGET = 12.0;
				MTL_ENABLE_DEBUG_INFO = INCLUDE_SOURCE;
				ONLY_ACTIVE_ARCH = YES;
				SDKROOT = iphoneos;
				SWIFT_ACTIVE_COMPILATION_CONDITIONS = DEBUG;
				SWIFT_OPTIMIZATION_LEVEL = "-Onone";
			};
			name = Debug;
		};
		3DA52418212B65D800686391 /* Release */ = {
			isa = XCBuildConfiguration;
			buildSettings = {
				ALWAYS_SEARCH_USER_PATHS = NO;
				CLANG_ANALYZER_NONNULL = YES;
				CLANG_ANALYZER_NUMBER_OBJECT_CONVERSION = YES_AGGRESSIVE;
				CLANG_CXX_LANGUAGE_STANDARD = "gnu++14";
				CLANG_CXX_LIBRARY = "libc++";
				CLANG_ENABLE_MODULES = YES;
				CLANG_ENABLE_OBJC_ARC = YES;
				CLANG_ENABLE_OBJC_WEAK = YES;
				CLANG_WARN_BLOCK_CAPTURE_AUTORELEASING = YES;
				CLANG_WARN_BOOL_CONVERSION = YES;
				CLANG_WARN_COMMA = YES;
				CLANG_WARN_CONSTANT_CONVERSION = YES;
				CLANG_WARN_DEPRECATED_OBJC_IMPLEMENTATIONS = YES;
				CLANG_WARN_DIRECT_OBJC_ISA_USAGE = YES_ERROR;
				CLANG_WARN_DOCUMENTATION_COMMENTS = YES;
				CLANG_WARN_EMPTY_BODY = YES;
				CLANG_WARN_ENUM_CONVERSION = YES;
				CLANG_WARN_INFINITE_RECURSION = YES;
				CLANG_WARN_INT_CONVERSION = YES;
				CLANG_WARN_NON_LITERAL_NULL_CONVERSION = YES;
				CLANG_WARN_OBJC_IMPLICIT_RETAIN_SELF = YES;
				CLANG_WARN_OBJC_LITERAL_CONVERSION = YES;
				CLANG_WARN_OBJC_ROOT_CLASS = YES_ERROR;
				CLANG_WARN_RANGE_LOOP_ANALYSIS = YES;
				CLANG_WARN_STRICT_PROTOTYPES = YES;
				CLANG_WARN_SUSPICIOUS_MOVE = YES;
				CLANG_WARN_UNGUARDED_AVAILABILITY = YES_AGGRESSIVE;
				CLANG_WARN_UNREACHABLE_CODE = YES;
				CLANG_WARN__DUPLICATE_METHOD_MATCH = YES;
				CODE_SIGN_IDENTITY = "iPhone Developer";
				COPY_PHASE_STRIP = NO;
				DEBUG_INFORMATION_FORMAT = "dwarf-with-dsym";
				ENABLE_NS_ASSERTIONS = NO;
				ENABLE_STRICT_OBJC_MSGSEND = YES;
				GCC_C_LANGUAGE_STANDARD = gnu11;
				GCC_NO_COMMON_BLOCKS = YES;
				GCC_WARN_64_TO_32_BIT_CONVERSION = YES;
				GCC_WARN_ABOUT_RETURN_TYPE = YES_ERROR;
				GCC_WARN_UNDECLARED_SELECTOR = YES;
				GCC_WARN_UNINITIALIZED_AUTOS = YES_AGGRESSIVE;
				GCC_WARN_UNUSED_FUNCTION = YES;
				GCC_WARN_UNUSED_VARIABLE = YES;
				IPHONEOS_DEPLOYMENT_TARGET = 12.0;
				MTL_ENABLE_DEBUG_INFO = NO;
				SDKROOT = iphoneos;
				SWIFT_COMPILATION_MODE = wholemodule;
				SWIFT_OPTIMIZATION_LEVEL = "-O";
				VALIDATE_PRODUCT = YES;
			};
			name = Release;
		};
		3DA5241A212B65D800686391 /* Debug */ = {
			isa = XCBuildConfiguration;
			buildSettings = {
				ASSETCATALOG_COMPILER_APPICON_NAME = AppIcon;
				CODE_SIGN_STYLE = Automatic;
				DEVELOPMENT_TEAM = 84BULQXU2Q;
				FRAMEWORK_SEARCH_PATHS = (
					"$(inherited)",
					"$(PROJECT_DIR)/books-list/Frameworks",
				);
				INFOPLIST_FILE = "books-list/Info.plist";
				LD_RUNPATH_SEARCH_PATHS = (
					"$(inherited)",
					"@executable_path/Frameworks",
				);
				PRODUCT_BUNDLE_IDENTIFIER = "com.stefano.books-list";
				PRODUCT_NAME = "$(TARGET_NAME)";
				SWIFT_VERSION = 4.2;
				TARGETED_DEVICE_FAMILY = "1,2";
			};
			name = Debug;
		};
		3DA5241B212B65D800686391 /* Release */ = {
			isa = XCBuildConfiguration;
			buildSettings = {
				ASSETCATALOG_COMPILER_APPICON_NAME = AppIcon;
				CODE_SIGN_STYLE = Automatic;
				DEVELOPMENT_TEAM = 84BULQXU2Q;
				FRAMEWORK_SEARCH_PATHS = (
					"$(inherited)",
					"$(PROJECT_DIR)/books-list/Frameworks",
				);
				INFOPLIST_FILE = "books-list/Info.plist";
				LD_RUNPATH_SEARCH_PATHS = (
					"$(inherited)",
					"@executable_path/Frameworks",
				);
				PRODUCT_BUNDLE_IDENTIFIER = "com.stefano.books-list";
				PRODUCT_NAME = "$(TARGET_NAME)";
				SWIFT_VERSION = 4.2;
				TARGETED_DEVICE_FAMILY = "1,2";
			};
			name = Release;
		};
/* End XCBuildConfiguration section */

/* Begin XCConfigurationList section */
		3DA52402212B65D700686391 /* Build configuration list for PBXProject "books-list" */ = {
			isa = XCConfigurationList;
			buildConfigurations = (
				3DA52417212B65D800686391 /* Debug */,
				3DA52418212B65D800686391 /* Release */,
			);
			defaultConfigurationIsVisible = 0;
			defaultConfigurationName = Release;
		};
		3DA52419212B65D800686391 /* Build configuration list for PBXNativeTarget "books-list" */ = {
			isa = XCConfigurationList;
			buildConfigurations = (
				3DA5241A212B65D800686391 /* Debug */,
				3DA5241B212B65D800686391 /* Release */,
			);
			defaultConfigurationIsVisible = 0;
			defaultConfigurationName = Release;
		};
/* End XCConfigurationList section */
	};
	rootObject = 3DA523FF212B65D700686391 /* Project object */;
}
